{
    "_readme": [
        "This file locks the dependencies of your project to a known state",
        "Read more about it at https://getcomposer.org/doc/01-basic-usage.md#composer-lock-the-lock-file",
        "This file is @generated automatically"
    ],
    "content-hash": "801049e88f21be78346b60b2e7595565",
    "packages": [
        {
            "name": "aferrandini/phpqrcode",
            "version": "dev-master",
            "source": {
                "type": "git",
                "url": "https://github.com/aferrandini/PHPQRCode.git",
                "reference": "919a6a0e3b29cb103ed9982eeeb5d3a4741c6a0c"
            },
            "dist": {
                "type": "zip",
                "url": "https://api.github.com/repos/aferrandini/PHPQRCode/zipball/919a6a0e3b29cb103ed9982eeeb5d3a4741c6a0c",
                "reference": "919a6a0e3b29cb103ed9982eeeb5d3a4741c6a0c",
                "shasum": ""
            },
            "require": {
                "php": ">=5.3.0"
            },
            "type": "library",
            "autoload": {
                "psr-0": {
                    "PHPQRCode": "lib/"
                }
            },
            "notification-url": "https://packagist.org/downloads/",
            "license": [
                "MIT"
            ],
            "authors": [
                {
                    "name": "Ariel Ferrandini",
                    "email": "arielferrandini@gmail.com",
                    "homepage": "http://www.ferrandini.com/"
                }
            ],
            "description": "PHPQRCode porting and changed for PHP 5.3 compatibility",
            "homepage": "https://github.com/aferrandini/PHPQRCode",
            "keywords": [
                "barcode",
                "php",
                "qrcode"
            ],
            "time": "2014-10-25T08:51:14+00:00"
        },
        {
            "name": "components/jquery",
            "version": "dev-master",
            "source": {
                "type": "git",
                "url": "https://github.com/components/jquery.git",
                "reference": "e5534d4ab8e80c159553d507e358ed20a806d3bf"
            },
            "dist": {
                "type": "zip",
                "url": "https://api.github.com/repos/components/jquery/zipball/e5534d4ab8e80c159553d507e358ed20a806d3bf",
                "reference": "e5534d4ab8e80c159553d507e358ed20a806d3bf",
                "shasum": ""
            },
            "type": "component",
            "extra": {
                "component": {
                    "scripts": [
                        "jquery.js"
                    ],
                    "files": [
                        "jquery.min.js",
                        "jquery.min.map",
                        "jquery.slim.js",
                        "jquery.slim.min.js",
                        "jquery.slim.min.map"
                    ]
                }
            },
            "notification-url": "https://packagist.org/downloads/",
            "license": [
                "MIT"
            ],
            "authors": [
                {
                    "name": "JS Foundation and other contributors"
                }
            ],
            "description": "jQuery JavaScript Library",
            "homepage": "http://jquery.com",
            "time": "2017-03-21T07:01:49+00:00"
        },
        {
            "name": "components/jqueryui",
            "version": "dev-master",
            "source": {
                "type": "git",
                "url": "https://github.com/components/jqueryui.git",
                "reference": "44ecf3794cc56b65954cc19737234a3119d036cc"
            },
            "dist": {
                "type": "zip",
                "url": "https://api.github.com/repos/components/jqueryui/zipball/44ecf3794cc56b65954cc19737234a3119d036cc",
                "reference": "44ecf3794cc56b65954cc19737234a3119d036cc",
                "shasum": ""
            },
            "require": {
                "components/jquery": ">=1.6"
            },
            "type": "component",
            "extra": {
                "component": {
                    "name": "jquery-ui",
                    "scripts": [
                        "jquery-ui.js"
                    ],
                    "files": [
                        "ui/**",
                        "themes/**",
                        "jquery-ui.min.js"
                    ],
                    "shim": {
                        "deps": [
                            "jquery"
                        ],
                        "exports": "jQuery"
                    }
                }
            },
            "notification-url": "https://packagist.org/downloads/",
            "license": [
                "MIT"
            ],
            "authors": [
                {
                    "name": "jQuery UI Team",
                    "homepage": "http://jqueryui.com/about"
                },
                {
                    "name": "Joern Zaefferer",
                    "email": "joern.zaefferer@gmail.com",
                    "homepage": "http://bassistance.de"
                },
                {
                    "name": "Scott Gonzalez",
                    "email": "scott.gonzalez@gmail.com",
                    "homepage": "http://scottgonzalez.com"
                },
                {
                    "name": "Kris Borchers",
                    "email": "kris.borchers@gmail.com",
                    "homepage": "http://krisborchers.com"
                },
                {
                    "name": "Mike Sherov",
                    "email": "mike.sherov@gmail.com",
                    "homepage": "http://mike.sherov.com"
                },
                {
                    "name": "TJ VanToll",
                    "email": "tj.vantoll@gmail.com",
                    "homepage": "http://tjvantoll.com"
                },
                {
                    "name": "Corey Frang",
                    "email": "gnarf37@gmail.com",
                    "homepage": "http://gnarf.net"
                },
                {
                    "name": "Felix Nagel",
                    "email": "info@felixnagel.com",
                    "homepage": "http://www.felixnagel.com"
                }
            ],
            "description": "jQuery UI is a curated set of user interface interactions, effects, widgets, and themes built on top of the jQuery JavaScript Library. Whether you're building highly interactive web applications or you just need to add a date picker to a form control, jQuery UI is the perfect choice.",
            "time": "2016-09-16T05:47:55+00:00"
        },
        {
            "name": "container-interop/container-interop",
            "version": "1.2.0",
            "source": {
                "type": "git",
                "url": "https://github.com/container-interop/container-interop.git",
                "reference": "79cbf1341c22ec75643d841642dd5d6acd83bdb8"
            },
            "dist": {
                "type": "zip",
                "url": "https://api.github.com/repos/container-interop/container-interop/zipball/79cbf1341c22ec75643d841642dd5d6acd83bdb8",
                "reference": "79cbf1341c22ec75643d841642dd5d6acd83bdb8",
                "shasum": ""
            },
            "require": {
                "psr/container": "^1.0"
            },
            "type": "library",
            "autoload": {
                "psr-4": {
                    "Interop\\Container\\": "src/Interop/Container/"
                }
            },
            "notification-url": "https://packagist.org/downloads/",
            "license": [
                "MIT"
            ],
            "description": "Promoting the interoperability of container objects (DIC, SL, etc.)",
            "homepage": "https://github.com/container-interop/container-interop",
            "time": "2017-02-14T19:40:03+00:00"
        },
        {
            "name": "gabrielelana/byte-units",
            "version": "dev-master",
            "source": {
                "type": "git",
                "url": "https://github.com/gabrielelana/byte-units.git",
                "reference": "eaf7b998535578c7160be30b39904a8326bb9bb8"
            },
            "dist": {
                "type": "zip",
                "url": "https://api.github.com/repos/gabrielelana/byte-units/zipball/eaf7b998535578c7160be30b39904a8326bb9bb8",
                "reference": "eaf7b998535578c7160be30b39904a8326bb9bb8",
                "shasum": ""
            },
            "require": {
                "ext-bcmath": "*",
                "php": ">=5.4.0"
            },
            "require-dev": {
                "phpunit/phpunit": ">=4.0,<6.0"
            },
            "type": "library",
            "autoload": {
                "psr-4": {
                    "ByteUnits\\": "src/ByteUnits"
                },
                "files": [
                    "src/ByteUnits/functions.php"
                ]
            },
            "notification-url": "https://packagist.org/downloads/",
            "license": [
                "MIT"
            ],
            "authors": [
                {
                    "name": "Gabriele Lana",
                    "email": "gabriele.lana@gmail.com"
                }
            ],
            "description": "Library to parse, format and convert byte units",
            "homepage": "https://github.com/gabrielelana/byte-units",
            "keywords": [
                "byte",
                "convert",
                "format",
                "parse",
                "size",
                "units"
            ],
            "time": "2018-01-11T10:40:03+00:00"
        },
        {
            "name": "nikic/fast-route",
            "version": "v1.3.0",
            "source": {
                "type": "git",
                "url": "https://github.com/nikic/FastRoute.git",
                "reference": "181d480e08d9476e61381e04a71b34dc0432e812"
            },
            "dist": {
                "type": "zip",
                "url": "https://api.github.com/repos/nikic/FastRoute/zipball/181d480e08d9476e61381e04a71b34dc0432e812",
                "reference": "181d480e08d9476e61381e04a71b34dc0432e812",
                "shasum": ""
            },
            "require": {
                "php": ">=5.4.0"
            },
            "require-dev": {
                "phpunit/phpunit": "^4.8.35|~5.7"
            },
            "type": "library",
            "autoload": {
                "psr-4": {
                    "FastRoute\\": "src/"
                },
                "files": [
                    "src/functions.php"
                ]
            },
            "notification-url": "https://packagist.org/downloads/",
            "license": [
                "BSD-3-Clause"
            ],
            "authors": [
                {
                    "name": "Nikita Popov",
                    "email": "nikic@php.net"
                }
            ],
            "description": "Fast request router for PHP",
            "keywords": [
                "router",
                "routing"
            ],
            "time": "2018-02-13T20:26:39+00:00"
        },
        {
            "name": "org_heigl/ghostscript",
            "version": "dev-master",
            "source": {
                "type": "git",
                "url": "https://github.com/heiglandreas/Org_Heigl_Ghostscript.git",
                "reference": "2bcd115f047589c28243a66e6bbea993fc91da21"
            },
            "dist": {
                "type": "zip",
                "url": "https://api.github.com/repos/heiglandreas/Org_Heigl_Ghostscript/zipball/2bcd115f047589c28243a66e6bbea993fc91da21",
                "reference": "2bcd115f047589c28243a66e6bbea993fc91da21",
                "shasum": ""
            },
            "require-dev": {
                "mockery/mockery": "^1.0",
                "phpdocumentor/phpdocumentor": "^2.9",
                "phpunit/phpunit": "^5.5||^6.0||^7.0"
            },
            "type": "library",
            "autoload": {
                "psr-4": {
                    "Org_Heigl\\Ghostscript\\": "src/"
                }
            },
            "notification-url": "https://packagist.org/downloads/",
            "license": [
                "MIT"
            ],
            "authors": [
                {
                    "name": "Andreas Heigl",
                    "email": "andreas@heigl.org"
                }
            ],
            "description": "A PHP-Wrapper around the Ghostscript-CLI",
            "time": "2018-02-22T08:37:21+00:00"
        },
        {
            "name": "pimple/pimple",
            "version": "dev-master",
            "source": {
                "type": "git",
                "url": "https://github.com/silexphp/Pimple.git",
                "reference": "9aaff1cb2f24988bd5d23a20f1578da118360525"
            },
            "dist": {
                "type": "zip",
                "url": "https://api.github.com/repos/silexphp/Pimple/zipball/9aaff1cb2f24988bd5d23a20f1578da118360525",
                "reference": "9aaff1cb2f24988bd5d23a20f1578da118360525",
                "shasum": ""
            },
            "require": {
                "php": ">=5.3.0",
                "psr/container": "^1.0"
            },
            "require-dev": {
                "symfony/phpunit-bridge": "^3.2"
            },
            "type": "library",
            "extra": {
                "branch-alias": {
                    "dev-master": "3.2.x-dev"
                }
            },
            "autoload": {
                "psr-0": {
                    "Pimple": "src/"
                }
            },
            "notification-url": "https://packagist.org/downloads/",
            "license": [
                "MIT"
            ],
            "authors": [
                {
                    "name": "Fabien Potencier",
                    "email": "fabien@symfony.com"
                }
            ],
            "description": "Pimple, a simple Dependency Injection Container",
            "homepage": "http://pimple.sensiolabs.org",
            "keywords": [
                "container",
                "dependency injection"
            ],
            "time": "2018-02-09T15:35:40+00:00"
        },
        {
            "name": "psr/container",
            "version": "dev-master",
            "source": {
                "type": "git",
                "url": "https://github.com/php-fig/container.git",
                "reference": "2cc4a01788191489dc7459446ba832fa79a216a7"
            },
            "dist": {
                "type": "zip",
                "url": "https://api.github.com/repos/php-fig/container/zipball/2cc4a01788191489dc7459446ba832fa79a216a7",
                "reference": "2cc4a01788191489dc7459446ba832fa79a216a7",
                "shasum": ""
            },
            "require": {
                "php": ">=5.3.0"
            },
            "type": "library",
            "extra": {
                "branch-alias": {
                    "dev-master": "1.0.x-dev"
                }
            },
            "autoload": {
                "psr-4": {
                    "Psr\\Container\\": "src/"
                }
            },
            "notification-url": "https://packagist.org/downloads/",
            "license": [
                "MIT"
            ],
            "authors": [
                {
                    "name": "PHP-FIG",
                    "homepage": "http://www.php-fig.org/"
                }
            ],
            "description": "Common Container Interface (PHP FIG PSR-11)",
            "homepage": "https://github.com/php-fig/container",
            "keywords": [
                "PSR-11",
                "container",
                "container-interface",
                "container-interop",
                "psr"
            ],
            "time": "2017-06-28T15:35:32+00:00"
        },
        {
            "name": "psr/http-message",
            "version": "dev-master",
            "source": {
                "type": "git",
                "url": "https://github.com/php-fig/http-message.git",
                "reference": "f6561bf28d520154e4b0ec72be95418abe6d9363"
            },
            "dist": {
                "type": "zip",
                "url": "https://api.github.com/repos/php-fig/http-message/zipball/f6561bf28d520154e4b0ec72be95418abe6d9363",
                "reference": "f6561bf28d520154e4b0ec72be95418abe6d9363",
                "shasum": ""
            },
            "require": {
                "php": ">=5.3.0"
            },
            "type": "library",
            "extra": {
                "branch-alias": {
                    "dev-master": "1.0.x-dev"
                }
            },
            "autoload": {
                "psr-4": {
                    "Psr\\Http\\Message\\": "src/"
                }
            },
            "notification-url": "https://packagist.org/downloads/",
            "license": [
                "MIT"
            ],
            "authors": [
                {
                    "name": "PHP-FIG",
                    "homepage": "http://www.php-fig.org/"
                }
            ],
            "description": "Common interface for HTTP messages",
            "homepage": "https://github.com/php-fig/http-message",
            "keywords": [
                "http",
                "http-message",
                "psr",
                "psr-7",
                "request",
                "response"
            ],
            "time": "2016-08-06T14:39:51+00:00"
        },
        {
            "name": "rev42/tfpdf",
            "version": "dev-master",
            "source": {
                "type": "git",
                "url": "https://github.com/rev42/tfpdf.git",
                "reference": "8ae1e871dbcb091eb1a8f14b9349093d15d50e9b"
            },
            "dist": {
                "type": "zip",
                "url": "https://api.github.com/repos/rev42/tfpdf/zipball/8ae1e871dbcb091eb1a8f14b9349093d15d50e9b",
                "reference": "8ae1e871dbcb091eb1a8f14b9349093d15d50e9b",
                "shasum": ""
            },
            "type": "library",
            "autoload": {
                "psr-0": {
                    "tFPDF": "src/"
                }
            },
            "notification-url": "https://packagist.org/downloads/",
            "license": [
                "LGPL"
            ],
            "authors": [
                {
                    "name": "Ian Back",
                    "email": "ianb@bpm1.com"
                }
            ],
            "description": "tFPDF",
            "homepage": "http://fpdf.org/fr/script/script92.php",
            "keywords": [
                "pdf"
            ],
            "abandoned": "docnet/tFPDF",
            "time": "2016-10-25T21:29:46+00:00"
        },
        {
            "name": "setasign/fpdf",
            "version": "1.8.1",
            "source": {
                "type": "git",
                "url": "https://github.com/Setasign/FPDF.git",
                "reference": "2c68c9e6c034ac3187d25968790139a73184cdb1"
            },
            "dist": {
                "type": "zip",
                "url": "https://api.github.com/repos/Setasign/FPDF/zipball/2c68c9e6c034ac3187d25968790139a73184cdb1",
                "reference": "2c68c9e6c034ac3187d25968790139a73184cdb1",
                "shasum": ""
            },
            "type": "library",
            "autoload": {
                "classmap": [
                    "fpdf.php"
                ]
            },
            "notification-url": "https://packagist.org/downloads/",
            "license": [
                "no usage restriction"
            ],
            "authors": [
                {
                    "name": "Olivier Plathey",
                    "email": "oliver@fpdf.org",
                    "homepage": "http://fpdf.org/"
                }
            ],
            "description": "FPDF is a PHP class which allows to generate PDF files with pure PHP. F from FPDF stands for Free: you may use it for any kind of usage and modify it to suit your needs.",
            "homepage": "http://www.fpdf.org",
            "keywords": [
                "fpdf",
                "pdf"
            ],
            "time": "2016-01-01T17:47:15+00:00"
        },
        {
            "name": "setasign/fpdi",
            "version": "1.6.2",
            "source": {
                "type": "git",
                "url": "https://github.com/Setasign/FPDI.git",
                "reference": "a6ad58897a6d97cc2d2cd2adaeda343b25a368ea"
            },
            "dist": {
                "type": "zip",
                "url": "https://api.github.com/repos/Setasign/FPDI/zipball/a6ad58897a6d97cc2d2cd2adaeda343b25a368ea",
                "reference": "a6ad58897a6d97cc2d2cd2adaeda343b25a368ea",
                "shasum": ""
            },
            "suggest": {
                "setasign/fpdf": "FPDI will extend this class but as it is also possible to use \"tecnickcom/tcpdf\" as an alternative there's no fixed dependency configured.",
                "setasign/fpdi-fpdf": "Use this package to automatically evaluate dependencies to FPDF.",
                "setasign/fpdi-tcpdf": "Use this package to automatically evaluate dependencies to TCPDF."
            },
            "type": "library",
            "autoload": {
                "classmap": [
                    "filters/",
                    "fpdi.php",
                    "fpdf_tpl.php",
                    "fpdi_pdf_parser.php",
                    "pdf_context.php"
                ]
            },
            "notification-url": "https://packagist.org/downloads/",
            "license": [
                "MIT"
            ],
            "authors": [
                {
                    "name": "Jan Slabon",
                    "email": "jan.slabon@setasign.com",
                    "homepage": "https://www.setasign.com"
                }
            ],
            "description": "FPDI is a collection of PHP classes facilitating developers to read pages from existing PDF documents and use them as templates in FPDF. Because it is also possible to use FPDI with TCPDF, there are no fixed dependencies defined. Please see suggestions for packages which evaluates the dependencies automatically.",
            "homepage": "https://www.setasign.com/fpdi",
            "keywords": [
                "fpdf",
                "fpdi",
                "pdf"
            ],
            "time": "2017-05-11T14:25:49+00:00"
        },
        {
            "name": "slim/php-view",
            "version": "dev-master",
            "source": {
                "type": "git",
                "url": "https://github.com/slimphp/PHP-View.git",
                "reference": "b721888d0a53052c06faf2a6fae9e9956c269175"
            },
            "dist": {
                "type": "zip",
                "url": "https://api.github.com/repos/slimphp/PHP-View/zipball/b721888d0a53052c06faf2a6fae9e9956c269175",
                "reference": "b721888d0a53052c06faf2a6fae9e9956c269175",
                "shasum": ""
            },
            "require": {
                "psr/http-message": "^1.0"
            },
            "require-dev": {
                "phpunit/phpunit": "^4.8",
                "slim/slim": "^3.0"
            },
            "type": "library",
            "autoload": {
                "psr-4": {
                    "Slim\\Views\\": "src"
                }
            },
            "notification-url": "https://packagist.org/downloads/",
            "license": [
                "MIT"
            ],
            "authors": [
                {
                    "name": "Glenn Eggleton",
                    "email": "geggleto@gmail.com"
                }
            ],
            "description": "Render PHP view scripts into a PSR-7 Response object.",
            "keywords": [
                "framework",
                "php",
                "phtml",
                "renderer",
                "slim",
                "template",
                "view"
            ],
            "time": "2017-07-05T20:09:48+00:00"
        },
        {
            "name": "slim/slim",
            "version": "3.x-dev",
            "source": {
                "type": "git",
                "url": "https://github.com/slimphp/Slim.git",
                "reference": "d0d9655a66c61e5fd25fdbdc2fc80a6e37af469c"
            },
            "dist": {
                "type": "zip",
                "url": "https://api.github.com/repos/slimphp/Slim/zipball/d0d9655a66c61e5fd25fdbdc2fc80a6e37af469c",
                "reference": "d0d9655a66c61e5fd25fdbdc2fc80a6e37af469c",
                "shasum": ""
            },
            "require": {
                "container-interop/container-interop": "^1.2",
                "nikic/fast-route": "^1.0",
                "php": ">=5.5.0",
                "pimple/pimple": "^3.0",
                "psr/container": "^1.0",
                "psr/http-message": "^1.0"
            },
            "provide": {
                "psr/http-message-implementation": "1.0"
            },
            "require-dev": {
                "phpunit/phpunit": "^4.0",
                "squizlabs/php_codesniffer": "^2.5"
            },
            "type": "library",
            "autoload": {
                "psr-4": {
                    "Slim\\": "Slim"
                }
            },
            "notification-url": "https://packagist.org/downloads/",
            "license": [
                "MIT"
            ],
            "authors": [
                {
                    "name": "Rob Allen",
                    "email": "rob@akrabat.com",
                    "homepage": "http://akrabat.com"
                },
                {
                    "name": "Josh Lockhart",
                    "email": "hello@joshlockhart.com",
                    "homepage": "https://joshlockhart.com"
                },
                {
                    "name": "Gabriel Manricks",
                    "email": "gmanricks@me.com",
                    "homepage": "http://gabrielmanricks.com"
                },
                {
                    "name": "Andrew Smith",
                    "email": "a.smith@silentworks.co.uk",
                    "homepage": "http://silentworks.co.uk"
                }
            ],
            "description": "Slim is a PHP micro framework that helps you quickly write simple yet powerful web applications and APIs",
            "homepage": "https://slimframework.com",
            "keywords": [
                "api",
                "framework",
                "micro",
                "router"
            ],
            "time": "2018-02-14T16:32:04+00:00"
        },
        {
            "name": "verot/class.upload.php",
            "version": "dev-master",
            "source": {
                "type": "git",
                "url": "https://github.com/verot/class.upload.php.git",
                "reference": "54a225d01a4b658fe05852ee5a3b7b3829467a2a"
            },
            "dist": {
                "type": "zip",
                "url": "https://api.github.com/repos/verot/class.upload.php/zipball/54a225d01a4b658fe05852ee5a3b7b3829467a2a",
                "reference": "54a225d01a4b658fe05852ee5a3b7b3829467a2a",
                "shasum": ""
            },
            "require": {
                "php": ">=4"
            },
            "type": "library",
            "autoload": {
                "classmap": [
                    "src/class.upload.php"
                ]
            },
            "notification-url": "https://packagist.org/downloads/",
            "license": [
                "GPL-2.0-only"
            ],
            "authors": [
                {
                    "name": "Colin Verot",
                    "email": "colin@verot.net"
                }
            ],
            "description": "This PHP class uploads files and manipulates images very easily.",
            "homepage": "http://www.verot.net/php_class_upload.htm",
            "keywords": [
                "gd",
                "upload"
            ],
            "time": "2018-02-11T18:40:29+00:00"
        },
        {
            "name": "zurb/foundation",
            "version": "dev-master",
            "source": {
                "type": "git",
                "url": "https://github.com/zurb/foundation-sites.git",
                "reference": "bd9821c233e873f5f142e2038c6035126a22a39d"
            },
            "dist": {
                "type": "zip",
                "url": "https://api.github.com/repos/zurb/foundation-sites/zipball/bd9821c233e873f5f142e2038c6035126a22a39d",
                "reference": "bd9821c233e873f5f142e2038c6035126a22a39d",
                "shasum": ""
            },
            "type": "library",
            "notification-url": "https://packagist.org/downloads/",
            "license": [
                "MIT"
            ],
            "authors": [
                {
                    "name": "ZURB, Inc.",
                    "email": "foundation@zurb.com",
                    "homepage": "http://zurb.com"
                }
            ],
            "description": "The most advanced responsive front-end framework in the world.",
            "homepage": "http://foundation.zurb.com",
            "keywords": [
                "JS",
                "css",
                "framework",
                "mobile-first",
                "responsive",
                "sass",
                "scss"
            ],
            "time": "2018-02-11T23:00:17+00:00"
        }
    ],
    "packages-dev": [],
    "aliases": [],
    "minimum-stability": "dev",
    "stability-flags": {
        "verot/class.upload.php": 20,
        "rev42/tfpdf": 20,
        "gabrielelana/byte-units": 20,
        "aferrandini/phpqrcode": 20,
        "slim/php-view": 20,
        "zurb/foundation": 20,
        "components/jquery": 20,
        "org_heigl/ghostscript": 20,
        "components/jqueryui": 20
    },
    "prefer-stable": false,
    "prefer-lowest": false,
    "platform": [],
    "platform-dev": []
}
